
Microsoft Visual Studio Solution File, Format Version 12.00
# Visual Studio Version 16
VisualStudioVersion = 16.0.31515.178
MinimumVisualStudioVersion = 10.0.40219.1
Project("{FAE04EC0-301F-11D3-BF4B-00C04F79EFBC}") = "jobportal", "jobportal\jobportal.csproj", "{BF614553-7809-4E5A-A922-1AD66F8FED8A}"
EndProject
Global
	GlobalSection(SolutionConfigurationPlatforms) = preSolution
		Debug|Any CPU = Debug|Any CPU
		Release|Any CPU = Release|Any CPU
	EndGlobalSection
	GlobalSection(ProjectConfigurationPlatforms) = postSolution
		{BF614553-7809-4E5A-A922-1AD66F8FED8A}.Debug|Any CPU.ActiveCfg = Debug|Any CPU
		{BF614553-7809-4E5A-A922-1AD66F8FED8A}.Debug|Any CPU.Build.0 = Debug|Any CPU
		{BF614553-7809-4E5A-A922-1AD66F8FED8A}.Release|Any CPU.ActiveCfg = Release|Any CPU
		{BF614553-7809-4E5A-A922-1AD66F8FED8A}.Release|Any CPU.Build.0 = Release|Any CPU
	EndGlobalSection
	GlobalSection(SolutionProperties) = preSolution
		HideSolutionNode = FALSE
	EndGlobalSection
	GlobalSection(ExtensibilityGlobals) = postSolution
		SolutionGuid = {BAB045FB-2B4E-4178-A344-C4256E735403}
	EndGlobalSection
EndGlobal
